
Microsoft Visual Studio Solution File, Format Version 12.00
# Visual Studio Version 16
VisualStudioVersion = 16.0.30523.141
MinimumVisualStudioVersion = 10.0.40219.1
Project("{FAE04EC0-301F-11D3-BF4B-00C04F79EFBC}") = "BookStory", "BookStory\BookStory.csproj", "{D5786AFA-78E7-41EB-8B50-CC9F802C37E1}"
EndProject
Global
	GlobalSection(SolutionConfigurationPlatforms) = preSolution
		Debug|Any CPU = Debug|Any CPU
		Release|Any CPU = Release|Any CPU
	EndGlobalSection
	GlobalSection(ProjectConfigurationPlatforms) = postSolution
		{D5786AFA-78E7-41EB-8B50-CC9F802C37E1}.Debug|Any CPU.ActiveCfg = Debug|Any CPU
		{D5786AFA-78E7-41EB-8B50-CC9F802C37E1}.Debug|Any CPU.Build.0 = Debug|Any CPU
		{D5786AFA-78E7-41EB-8B50-CC9F802C37E1}.Release|Any CPU.ActiveCfg = Release|Any CPU
		{D5786AFA-78E7-41EB-8B50-CC9F802C37E1}.Release|Any CPU.Build.0 = Release|Any CPU
	EndGlobalSection
	GlobalSection(SolutionProperties) = preSolution
		HideSolutionNode = FALSE
	EndGlobalSection
	GlobalSection(ExtensibilityGlobals) = postSolution
		SolutionGuid = {F37FDF90-4D97-4EC8-9A00-7695D88D88E7}
	EndGlobalSection
EndGlobal
